
Microsoft Visual Studio Solution File, Format Version 12.00
# Visual Studio 14
VisualStudioVersion = 14.0.25420.1
MinimumVisualStudioVersion = 10.0.40219.1
Project("{A0786B88-2ADB-4C21-ABE8-AA2D79766269}") = "Ribesh.PHP", "..\..\..\..\..\..\users\edangol\documents\visual studio 2015\Projects\Ribesh.PHP\Ribesh.PHP\Ribesh.PHP.phpproj", "{E3BC1EF8-F3C3-4516-BA3A-5AF27C546E33}"
EndProject
Global
	GlobalSection(SolutionConfigurationPlatforms) = preSolution
		Debug|Any CPU = Debug|Any CPU
		Release|Any CPU = Release|Any CPU
	EndGlobalSection
	GlobalSection(ProjectConfigurationPlatforms) = postSolution
		{E3BC1EF8-F3C3-4516-BA3A-5AF27C546E33}.Debug|Any CPU.ActiveCfg = Debug|Any CPU
		{E3BC1EF8-F3C3-4516-BA3A-5AF27C546E33}.Release|Any CPU.ActiveCfg = Release|Any CPU
	EndGlobalSection
	GlobalSection(SolutionProperties) = preSolution
		HideSolutionNode = FALSE
	EndGlobalSection
EndGlobal
